
Microsoft Visual Studio Solution File, Format Version 12.00
# Visual Studio Version 17
VisualStudioVersion = 17.4.33213.308
MinimumVisualStudioVersion = 10.0.40219.1
Project("{FAE04EC0-301F-11D3-BF4B-00C04F79EFBC}") = "MvcCoreCochesCosmosDb", "MvcCoreCochesCosmosDb\MvcCoreCochesCosmosDb.csproj", "{F756EBC4-7313-4316-96AA-67730820E84D}"
EndProject
Global
	GlobalSection(SolutionConfigurationPlatforms) = preSolution
		Debug|Any CPU = Debug|Any CPU
		Release|Any CPU = Release|Any CPU
	EndGlobalSection
	GlobalSection(ProjectConfigurationPlatforms) = postSolution
		{F756EBC4-7313-4316-96AA-67730820E84D}.Debug|Any CPU.ActiveCfg = Debug|Any CPU
		{F756EBC4-7313-4316-96AA-67730820E84D}.Debug|Any CPU.Build.0 = Debug|Any CPU
		{F756EBC4-7313-4316-96AA-67730820E84D}.Release|Any CPU.ActiveCfg = Release|Any CPU
		{F756EBC4-7313-4316-96AA-67730820E84D}.Release|Any CPU.Build.0 = Release|Any CPU
	EndGlobalSection
	GlobalSection(SolutionProperties) = preSolution
		HideSolutionNode = FALSE
	EndGlobalSection
	GlobalSection(ExtensibilityGlobals) = postSolution
		SolutionGuid = {FC61E526-E376-48AA-933E-D47235153438}
	EndGlobalSection
EndGlobal
